github.com/gomarkdown/markdown v0.0.0-20200316172748-fd1f3374857d h1:cFE/VFoUSjvIjrkI3YHGUYReJTIPN4fl2etwblBZfgg=
github.com/gomarkdown/markdown v0.0.0-20200316172748-fd1f3374857d/go.mod h1:aii0r/K0ZnHv7G0KF7xy1v0A7s2Ljrb5byB7MO5p6TU=
github.com/kr/jsonfeed v0.1.0 h1:ATRwJDTIiDSQz/hHL/JNV8enpYRAw1YzIgMx4P8gq1A=
github.com/kr/jsonfeed v0.1.0/go.mod h1:5KY9wFVvmD69yWQZr2YcNMRjKL7K1TSidlyIvFAkZcc=
github.com/kr/pretty v0.2.0 h1:s5hAObm+yFO5uHYt5dYjxi2rXrsnmRpJx4OYvIWUaQs=
github.com/kr/pretty v0.2.0/go.mod h1:ipq/a2n7PKx3OHsz4KJII5eveXtPO4qwEXGdVfWzfnI=
github.com/kr/pty v1.1.1/go.mod h1:pFQYn66WHrOpPYNljwOMqo10TkYh1fy3cYio2l3bCsQ=
github.com/kr/text v0.1.0 h1:45sCR5RtlFHMR4UwH9sdQ5TC8v0qDQCHnXt+kaKSTVE=
github.com/kr/text v0.1.0/go.mod h1:4Jbv+DJW3UT/LiOwJeYQe1efqtUx/iVham/4vfdArNI=
golang.org/dl v0.0.0-20190829154251-82a15e2f2ead/go.mod h1:IUMfjQLJQd4UTqG1Z90tenwKoCX93Gn3MAQJMOSBsDQ=
